
Microsoft Visual Studio Solution File, Format Version 12.00
# Visual Studio Version 17
VisualStudioVersion = 17.12.35707.178
MinimumVisualStudioVersion = 10.0.40219.1
Project("{FAE04EC0-301F-11D3-BF4B-00C04F79EFBC}") = "CSharpEgitimKampı301.EntityLayer", "CSharpEgitimKampı301.EntityLayer\CSharpEgitimKampı301.EntityLayer.csproj", "{B3C416D9-C11D-4CA9-864E-F898D7C21472}"
EndProject
Project("{FAE04EC0-301F-11D3-BF4B-00C04F79EFBC}") = "CSharpEgitimKampı301.DataAccessLayer", "CSharpEgitimKampı301.DataAccessLayer\CSharpEgitimKampı301.DataAccessLayer.csproj", "{0575C463-3C1D-402E-B345-386AC1A5DEFB}"
EndProject
Project("{FAE04EC0-301F-11D3-BF4B-00C04F79EFBC}") = "CSharpEgitimKampı301.BusinessLayer", "CSharpEgitimKampı301.BusinessLayer\CSharpEgitimKampı301.BusinessLayer.csproj", "{6C54751D-BB61-4647-BA10-9560F34A8559}"
EndProject
Project("{FAE04EC0-301F-11D3-BF4B-00C04F79EFBC}") = "CSharpEgitimKampı301.PresentationLayer", "CSharpEgitimKampı301.PresentationLayer\CSharpEgitimKampı301.PresentationLayer.csproj", "{1B194325-E33E-4E85-A446-79EED89C0CC2}"
EndProject
Project("{FAE04EC0-301F-11D3-BF4B-00C04F79EFBC}") = "C#EgitimKampi301.EFProject", "C#EgitimKampi301.EFProject\C#EgitimKampi301.EFProject.csproj", "{CE879342-8155-4D19-8BA7-FB8B34AD8FE1}"
EndProject
Global
	GlobalSection(SolutionConfigurationPlatforms) = preSolution
		Debug|Any CPU = Debug|Any CPU
		Release|Any CPU = Release|Any CPU
	EndGlobalSection
	GlobalSection(ProjectConfigurationPlatforms) = postSolution
		{B3C416D9-C11D-4CA9-864E-F898D7C21472}.Debug|Any CPU.ActiveCfg = Debug|Any CPU
		{B3C416D9-C11D-4CA9-864E-F898D7C21472}.Debug|Any CPU.Build.0 = Debug|Any CPU
		{B3C416D9-C11D-4CA9-864E-F898D7C21472}.Release|Any CPU.ActiveCfg = Release|Any CPU
		{B3C416D9-C11D-4CA9-864E-F898D7C21472}.Release|Any CPU.Build.0 = Release|Any CPU
		{0575C463-3C1D-402E-B345-386AC1A5DEFB}.Debug|Any CPU.ActiveCfg = Debug|Any CPU
		{0575C463-3C1D-402E-B345-386AC1A5DEFB}.Debug|Any CPU.Build.0 = Debug|Any CPU
		{0575C463-3C1D-402E-B345-386AC1A5DEFB}.Release|Any CPU.ActiveCfg = Release|Any CPU
		{0575C463-3C1D-402E-B345-386AC1A5DEFB}.Release|Any CPU.Build.0 = Release|Any CPU
		{6C54751D-BB61-4647-BA10-9560F34A8559}.Debug|Any CPU.ActiveCfg = Debug|Any CPU
		{6C54751D-BB61-4647-BA10-9560F34A8559}.Debug|Any CPU.Build.0 = Debug|Any CPU
		{6C54751D-BB61-4647-BA10-9560F34A8559}.Release|Any CPU.ActiveCfg = Release|Any CPU
		{6C54751D-BB61-4647-BA10-9560F34A8559}.Release|Any CPU.Build.0 = Release|Any CPU
		{1B194325-E33E-4E85-A446-79EED89C0CC2}.Debug|Any CPU.ActiveCfg = Debug|Any CPU
		{1B194325-E33E-4E85-A446-79EED89C0CC2}.Debug|Any CPU.Build.0 = Debug|Any CPU
		{1B194325-E33E-4E85-A446-79EED89C0CC2}.Release|Any CPU.ActiveCfg = Release|Any CPU
		{1B194325-E33E-4E85-A446-79EED89C0CC2}.Release|Any CPU.Build.0 = Release|Any CPU
		{CE879342-8155-4D19-8BA7-FB8B34AD8FE1}.Debug|Any CPU.ActiveCfg = Debug|Any CPU
		{CE879342-8155-4D19-8BA7-FB8B34AD8FE1}.Debug|Any CPU.Build.0 = Debug|Any CPU
		{CE879342-8155-4D19-8BA7-FB8B34AD8FE1}.Release|Any CPU.ActiveCfg = Release|Any CPU
		{CE879342-8155-4D19-8BA7-FB8B34AD8FE1}.Release|Any CPU.Build.0 = Release|Any CPU
	EndGlobalSection
	GlobalSection(SolutionProperties) = preSolution
		HideSolutionNode = FALSE
	EndGlobalSection
EndGlobal
